
Microsoft Visual Studio Solution File, Format Version 12.00
# Visual Studio Version 17
VisualStudioVersion = 17.11.35208.52
MinimumVisualStudioVersion = 10.0.40219.1
Project("{FAE04EC0-301F-11D3-BF4B-00C04F79EFBC}") = "Avslutande_spelprojekt_Victor_Wahlund", "Avslutande_spelprojekt_Victor_Wahlund\Avslutande_spelprojekt_Victor_Wahlund.csproj", "{6CCB31EC-DC0B-42FC-8B38-69C112B783AD}"
EndProject
Global
	GlobalSection(SolutionConfigurationPlatforms) = preSolution
		Debug|Any CPU = Debug|Any CPU
		Release|Any CPU = Release|Any CPU
	EndGlobalSection
	GlobalSection(ProjectConfigurationPlatforms) = postSolution
		{6CCB31EC-DC0B-42FC-8B38-69C112B783AD}.Debug|Any CPU.ActiveCfg = Debug|Any CPU
		{6CCB31EC-DC0B-42FC-8B38-69C112B783AD}.Debug|Any CPU.Build.0 = Debug|Any CPU
		{6CCB31EC-DC0B-42FC-8B38-69C112B783AD}.Release|Any CPU.ActiveCfg = Release|Any CPU
		{6CCB31EC-DC0B-42FC-8B38-69C112B783AD}.Release|Any CPU.Build.0 = Release|Any CPU
	EndGlobalSection
	GlobalSection(SolutionProperties) = preSolution
		HideSolutionNode = FALSE
	EndGlobalSection
	GlobalSection(ExtensibilityGlobals) = postSolution
		SolutionGuid = {B5FAA34B-BA3A-45E0-97BB-A9A4E499FB4C}
	EndGlobalSection
EndGlobal
